PODS:
  - contacts_service (0.2.1):
    - Flutter
  - Flutter (1.0.0)
  - path_provider (0.0.1):
    - Flutter

DEPENDENCIES:
  - contacts_service (from `/Users/solovev/Desktop/workspace/flutter_contacts/ios`)
  - Flutter (from `/Users/solovev/development/flutter/bin/cache/artifacts/engine/ios-release`)
  - "path_provider (from `/Users/solovev/development/flutter/.pub-cache/hosted/pub.dartlang.org/path_provider-0.5.0+1/ios`)"

EXTERNAL SOURCES:
  contacts_service:
    :path: "/Users/solovev/Desktop/workspace/flutter_contacts/ios"
  Flutter:
    :path: "/Users/solovev/development/flutter/bin/cache/artifacts/engine/ios-release"
  path_provider:
    :path: "/Users/solovev/development/flutter/.pub-cache/hosted/pub.dartlang.org/path_provider-0.5.0+1/ios"

SPEC CHECKSUMS:
  contacts_service: 64ebf2a313b34bff0acf668efac52ae402ba9be0
  Flutter: 58dd7d1b27887414a370fcccb9e645c08ffd7a6a
  path_provider: f96fff6166a8867510d2c25fdcc346327cc4b259

PODFILE CHECKSUM: b3f98f39b16cc0a18e5ea9ecbe5cfbc88c2ad26a

COCOAPODS: 1.6.1
